
Microsoft Visual Studio Solution File, Format Version 12.00
# Visual Studio Version 17
VisualStudioVersion = 17.5.002.0
MinimumVisualStudioVersion = 10.0.40219.1
Project("{9A19103F-16F7-4668-BE54-9A1E7A4F7556}") = "GreenPageAPI", "GreenPageAPI.csproj", "{1D39C77D-7923-4494-80E9-D29713C50CAD}"
EndProject
Global
	GlobalSection(SolutionConfigurationPlatforms) = preSolution
		Debug|Any CPU = Debug|Any CPU
		Release|Any CPU = Release|Any CPU
	EndGlobalSection
	GlobalSection(ProjectConfigurationPlatforms) = postSolution
		{1D39C77D-7923-4494-80E9-D29713C50CAD}.Debug|Any CPU.ActiveCfg = Debug|Any CPU
		{1D39C77D-7923-4494-80E9-D29713C50CAD}.Debug|Any CPU.Build.0 = Debug|Any CPU
		{1D39C77D-7923-4494-80E9-D29713C50CAD}.Release|Any CPU.ActiveCfg = Release|Any CPU
		{1D39C77D-7923-4494-80E9-D29713C50CAD}.Release|Any CPU.Build.0 = Release|Any CPU
	EndGlobalSection
	GlobalSection(SolutionProperties) = preSolution
		HideSolutionNode = FALSE
	EndGlobalSection
	GlobalSection(ExtensibilityGlobals) = postSolution
		SolutionGuid = {56D10DBD-7F98-4607-8F0A-2FF27C586E5B}
	EndGlobalSection
EndGlobal
